
Microsoft Visual Studio Solution File, Format Version 12.00
# Visual Studio Version 17
VisualStudioVersion = 17.13.35825.156 d17.13
MinimumVisualStudioVersion = 10.0.40219.1
Project("{FAE04EC0-301F-11D3-BF4B-00C04F79EFBC}") = "ConsoleApp1", "ConsoleApp1.csproj", "{4AE68EDA-D38E-42E5-9068-189881873816}"
EndProject
Global
	GlobalSection(SolutionConfigurationPlatforms) = preSolution
		Debug|Any CPU = Debug|Any CPU
		Release|Any CPU = Release|Any CPU
	EndGlobalSection
	GlobalSection(ProjectConfigurationPlatforms) = postSolution
		{4AE68EDA-D38E-42E5-9068-189881873816}.Debug|Any CPU.ActiveCfg = Debug|Any CPU
		{4AE68EDA-D38E-42E5-9068-189881873816}.Debug|Any CPU.Build.0 = Debug|Any CPU
		{4AE68EDA-D38E-42E5-9068-189881873816}.Release|Any CPU.ActiveCfg = Release|Any CPU
		{4AE68EDA-D38E-42E5-9068-189881873816}.Release|Any CPU.Build.0 = Release|Any CPU
	EndGlobalSection
	GlobalSection(SolutionProperties) = preSolution
		HideSolutionNode = FALSE
	EndGlobalSection
	GlobalSection(ExtensibilityGlobals) = postSolution
		SolutionGuid = {C2A42608-146C-4412-BA6C-A57EFBF951B4}
	EndGlobalSection
EndGlobal
